Microsoft Visual Studio Solution File, Format Version 12.00
# Visual Studio Version 17
VisualStudioVersion = 17.5.2.0
MinimumVisualStudioVersion = 10.0.40219.1
Project("{FAE04EC0-301F-11D3-BF4B-00C04F79EFBC}") = "choiceMenu", "choiceMenu.csproj", "{B80669C6-6535-66D7-E28A-7D91B10C1CFE}"
EndProject
Global
	GlobalSection(SolutionConfigurationPlatforms) = preSolution
		Debug|Any CPU = Debug|Any CPU
		Release|Any CPU = Release|Any CPU
	EndGlobalSection
	GlobalSection(ProjectConfigurationPlatforms) = postSolution
		{B80669C6-6535-66D7-E28A-7D91B10C1CFE}.Debug|Any CPU.ActiveCfg = Debug|Any CPU
		{B80669C6-6535-66D7-E28A-7D91B10C1CFE}.Debug|Any CPU.Build.0 = Debug|Any CPU
		{B80669C6-6535-66D7-E28A-7D91B10C1CFE}.Release|Any CPU.ActiveCfg = Release|Any CPU
		{B80669C6-6535-66D7-E28A-7D91B10C1CFE}.Release|Any CPU.Build.0 = Release|Any CPU
	EndGlobalSection
	GlobalSection(SolutionProperties) = preSolution
		HideSolutionNode = FALSE
	EndGlobalSection
	GlobalSection(ExtensibilityGlobals) = postSolution
		SolutionGuid = {96B518E8-CBBF-454F-9A4F-6DB1359CA21F}
	EndGlobalSection
EndGlobal
